
Microsoft Visual Studio Solution File, Format Version 12.00
# Visual Studio 14
VisualStudioVersion = 14.0.25420.1
MinimumVisualStudioVersion = 10.0.40219.1
Project("{FAE04EC0-301F-11D3-BF4B-00C04F79EFBC}") = "SportsStore.WebUI", "SportsStore.WebUI\SportsStore.WebUI.csproj", "{A4032019-8151-4B4F-9279-6E9FFCFF2A47}"
EndProject
Project("{FAE04EC0-301F-11D3-BF4B-00C04F79EFBC}") = "SporteStore.UnitTests", "SporteStore.UnitTests\SporteStore.UnitTests.csproj", "{6D257B84-3BA4-4162-A0AB-E3E56A58A394}"
EndProject
Project("{FAE04EC0-301F-11D3-BF4B-00C04F79EFBC}") = "SportsStore.Domain", "SportsStore.Domain\SportsStore.Domain.csproj", "{2D4AAC27-E983-452F-AB98-372C07187E23}"
EndProject
Global
	GlobalSection(SolutionConfigurationPlatforms) = preSolution
		Debug|Any CPU = Debug|Any CPU
		Release|Any CPU = Release|Any CPU
	EndGlobalSection
	GlobalSection(ProjectConfigurationPlatforms) = postSolution
		{A4032019-8151-4B4F-9279-6E9FFCFF2A47}.Debug|Any CPU.ActiveCfg = Debug|Any CPU
		{A4032019-8151-4B4F-9279-6E9FFCFF2A47}.Debug|Any CPU.Build.0 = Debug|Any CPU
		{A4032019-8151-4B4F-9279-6E9FFCFF2A47}.Release|Any CPU.ActiveCfg = Release|Any CPU
		{A4032019-8151-4B4F-9279-6E9FFCFF2A47}.Release|Any CPU.Build.0 = Release|Any CPU
		{6D257B84-3BA4-4162-A0AB-E3E56A58A394}.Debug|Any CPU.ActiveCfg = Debug|Any CPU
		{6D257B84-3BA4-4162-A0AB-E3E56A58A394}.Debug|Any CPU.Build.0 = Debug|Any CPU
		{6D257B84-3BA4-4162-A0AB-E3E56A58A394}.Release|Any CPU.ActiveCfg = Release|Any CPU
		{6D257B84-3BA4-4162-A0AB-E3E56A58A394}.Release|Any CPU.Build.0 = Release|Any CPU
		{2D4AAC27-E983-452F-AB98-372C07187E23}.Debug|Any CPU.ActiveCfg = Debug|Any CPU
		{2D4AAC27-E983-452F-AB98-372C07187E23}.Debug|Any CPU.Build.0 = Debug|Any CPU
		{2D4AAC27-E983-452F-AB98-372C07187E23}.Release|Any CPU.ActiveCfg = Release|Any CPU
		{2D4AAC27-E983-452F-AB98-372C07187E23}.Release|Any CPU.Build.0 = Release|Any CPU
	EndGlobalSection
	GlobalSection(SolutionProperties) = preSolution
		HideSolutionNode = FALSE
	EndGlobalSection
EndGlobal
